
Microsoft Visual Studio Solution File, Format Version 12.00
# Visual Studio Version 17
VisualStudioVersion = 17.10.34916.146
MinimumVisualStudioVersion = 10.0.40219.1
Project("{FAE04EC0-301F-11D3-BF4B-00C04F79EFBC}") = "d_project", "d_project\d_project.csproj", "{8EF54B36-30C0-473F-8A05-AC0B14701852}"
EndProject
Global
	GlobalSection(SolutionConfigurationPlatforms) = preSolution
		Debug|Any CPU = Debug|Any CPU
		Release|Any CPU = Release|Any CPU
	EndGlobalSection
	GlobalSection(ProjectConfigurationPlatforms) = postSolution
		{8EF54B36-30C0-473F-8A05-AC0B14701852}.Debug|Any CPU.ActiveCfg = Debug|Any CPU
		{8EF54B36-30C0-473F-8A05-AC0B14701852}.Debug|Any CPU.Build.0 = Debug|Any CPU
		{8EF54B36-30C0-473F-8A05-AC0B14701852}.Release|Any CPU.ActiveCfg = Release|Any CPU
		{8EF54B36-30C0-473F-8A05-AC0B14701852}.Release|Any CPU.Build.0 = Release|Any CPU
	EndGlobalSection
	GlobalSection(SolutionProperties) = preSolution
		HideSolutionNode = FALSE
	EndGlobalSection
	GlobalSection(ExtensibilityGlobals) = postSolution
		SolutionGuid = {6F224585-B873-4D60-A201-51AB74E32573}
	EndGlobalSection
EndGlobal
